
Microsoft Visual Studio Solution File, Format Version 12.00
# Visual Studio Version 16
VisualStudioVersion = 16.0.31019.35
MinimumVisualStudioVersion = 10.0.40219.1
Project("{FAE04EC0-301F-11D3-BF4B-00C04F79EFBC}") = "NoteAppWPF", "NoteAppWPF\NoteAppWPF.csproj", "{65E977C9-77C0-46E7-8A6C-9FF6470FB6BB}"
EndProject
Project("{FAE04EC0-301F-11D3-BF4B-00C04F79EFBC}") = "Core", "Core\Core.csproj", "{5CFC0BB2-F8CE-41CE-9A7B-729F9D3FFC3C}"
EndProject
Global
	GlobalSection(SolutionConfigurationPlatforms) = preSolution
		Debug|Any CPU = Debug|Any CPU
		Release|Any CPU = Release|Any CPU
	EndGlobalSection
	GlobalSection(ProjectConfigurationPlatforms) = postSolution
		{65E977C9-77C0-46E7-8A6C-9FF6470FB6BB}.Debug|Any CPU.ActiveCfg = Debug|Any CPU
		{65E977C9-77C0-46E7-8A6C-9FF6470FB6BB}.Debug|Any CPU.Build.0 = Debug|Any CPU
		{65E977C9-77C0-46E7-8A6C-9FF6470FB6BB}.Release|Any CPU.ActiveCfg = Release|Any CPU
		{65E977C9-77C0-46E7-8A6C-9FF6470FB6BB}.Release|Any CPU.Build.0 = Release|Any CPU
		{5CFC0BB2-F8CE-41CE-9A7B-729F9D3FFC3C}.Debug|Any CPU.ActiveCfg = Debug|Any CPU
		{5CFC0BB2-F8CE-41CE-9A7B-729F9D3FFC3C}.Debug|Any CPU.Build.0 = Debug|Any CPU
		{5CFC0BB2-F8CE-41CE-9A7B-729F9D3FFC3C}.Release|Any CPU.ActiveCfg = Release|Any CPU
		{5CFC0BB2-F8CE-41CE-9A7B-729F9D3FFC3C}.Release|Any CPU.Build.0 = Release|Any CPU
	EndGlobalSection
	GlobalSection(SolutionProperties) = preSolution
		HideSolutionNode = FALSE
	EndGlobalSection
	GlobalSection(ExtensibilityGlobals) = postSolution
		SolutionGuid = {87810C5C-937E-4C06-9E3F-16DD0DFD8C5C}
	EndGlobalSection
EndGlobal
